
Microsoft Visual Studio Solution File, Format Version 12.00
# Visual Studio Version 16
VisualStudioVersion = 16.0.29009.5
MinimumVisualStudioVersion = 10.0.40219.1
Project("{FAE04EC0-301F-11D3-BF4B-00C04F79EFBC}") = "Session2", "Session2\Session2.csproj", "{EA2601D5-0ADB-4814-B336-50CF8CF802AD}"
EndProject
Global
	GlobalSection(SolutionConfigurationPlatforms) = preSolution
		Debug|Any CPU = Debug|Any CPU
		Release|Any CPU = Release|Any CPU
	EndGlobalSection
	GlobalSection(ProjectConfigurationPlatforms) = postSolution
		{EA2601D5-0ADB-4814-B336-50CF8CF802AD}.Debug|Any CPU.ActiveCfg = Debug|Any CPU
		{EA2601D5-0ADB-4814-B336-50CF8CF802AD}.Debug|Any CPU.Build.0 = Debug|Any CPU
		{EA2601D5-0ADB-4814-B336-50CF8CF802AD}.Release|Any CPU.ActiveCfg = Release|Any CPU
		{EA2601D5-0ADB-4814-B336-50CF8CF802AD}.Release|Any CPU.Build.0 = Release|Any CPU
	EndGlobalSection
	GlobalSection(SolutionProperties) = preSolution
		HideSolutionNode = FALSE
	EndGlobalSection
	GlobalSection(ExtensibilityGlobals) = postSolution
		SolutionGuid = {FDD3536D-969F-4366-BB2D-CFD05B88DAB7}
	EndGlobalSection
EndGlobal
